{
  "name": "workspace",
  "lockfileVersion": 3,
  "requires": true,
  "packages": {
    "": {
      "dependencies": {
        "@cspell/cspell-json-reporter": "^9.7.0",
        "@cspell/dict-pokemon": "^1.0.3"
      }
    },
    "node_modules/@cspell/cspell-json-reporter": {
      "version": "9.7.0",
      "resolved": "https://registry.npmjs.org/@cspell/cspell-json-reporter/-/cspell-json-reporter-9.7.0.tgz",
      "integrity": "sha512-6xpGXlMtQA3hV2BCAQcPkpx9eI12I0o01i9eRqSSEDKtxuAnnrejbcCpL+5OboAjTp3/BSeNYSnhuWYLkSITWQ==",
      "license": "MIT",
      "dependencies": {
        "@cspell/cspell-types": "9.7.0"
      },
      "engines": {
        "node": ">=20"
      }
    },
    "node_modules/@cspell/cspell-types": {
      "version": "9.7.0",
      "resolved": "https://registry.npmjs.org/@cspell/cspell-types/-/cspell-types-9.7.0.tgz",
      "integrity": "sha512-Tdfx4eH2uS+gv9V9NCr3Rz+c7RSS6ntXp3Blliud18ibRUlRxO9dTaOjG4iv4x0nAmMeedP1ORkEpeXSkh2QiQ==",
      "license": "MIT",
      "engines": {
        "node": ">=20"
      }
    },
    "node_modules/@cspell/dict-pokemon": {
      "version": "1.0.3",
      "resolved": "https://registry.npmjs.org/@cspell/dict-pokemon/-/dict-pokemon-1.0.3.tgz",
      "integrity": "sha512-QIx8fAyyo51yzN/XzCl/xtPZmDrAw4M+xKZzIoD4GvQSjYKHzRxqzQnX1AfXaq1owRM2QC259lqMSeZZ4PSKgQ==",
      "license": "MIT"
    }
  }
}
